
Microsoft Visual Studio Solution File, Format Version 12.00
# Visual Studio Version 17
VisualStudioVersion = 17.14.36203.30 d17.14
MinimumVisualStudioVersion = 10.0.40219.1
Project("{888888A0-9F3D-457C-B088-3A5042F75D52}") = "网页问诊助手", "网页问诊助手.pyproj", "{868C0E18-A261-417F-8CEE-6F01C3B2F967}"
EndProject
Global
	GlobalSection(SolutionConfigurationPlatforms) = preSolution
		Debug|Any CPU = Debug|Any CPU
		Release|Any CPU = Release|Any CPU
	EndGlobalSection
	GlobalSection(ProjectConfigurationPlatforms) = postSolution
		{868C0E18-A261-417F-8CEE-6F01C3B2F967}.Debug|Any CPU.ActiveCfg = Debug|Any CPU
		{868C0E18-A261-417F-8CEE-6F01C3B2F967}.Debug|Any CPU.Build.0 = Debug|Any CPU
		{868C0E18-A261-417F-8CEE-6F01C3B2F967}.Release|Any CPU.ActiveCfg = Release|Any CPU
		{868C0E18-A261-417F-8CEE-6F01C3B2F967}.Release|Any CPU.Build.0 = Release|Any CPU
	EndGlobalSection
	GlobalSection(SolutionProperties) = preSolution
		HideSolutionNode = FALSE
	EndGlobalSection
	GlobalSection(ExtensibilityGlobals) = postSolution
		SolutionGuid = {649C4856-5BF8-4E06-BF84-A32B36F659C1}
	EndGlobalSection
EndGlobal
